// !$*UTF8*$!
{
	archiveVersion = 1;
	classes = {
	};
	objectVersion = 56;
	objects = {

/* Begin PBXBuildFile section */
		953E2E732954F13E00BC886F /* ViewModel.swift in Sources */ = {isa = PBXBuildFile; fileRef = 953E2E722954F13E00BC886F /* ViewModel.swift */; };
		953E2E762954F35900BC886F /* RoundedBlueButton.swift in Sources */ = {isa = PBXBuildFile; fileRef = 953E2E752954F35900BC886F /* RoundedBlueButton.swift */; };
		953E2E782954F40600BC886F /* RoundedBlueTextField.swift in Sources */ = {isa = PBXBuildFile; fileRef = 953E2E772954F40600BC886F /* RoundedBlueTextField.swift */; };
		953E2E7A2954F47F00BC886F /* TitleText.swift in Sources */ = {isa = PBXBuildFile; fileRef = 953E2E792954F47F00BC886F /* TitleText.swift */; };
		953E2E7C2954FB3800BC886F /* InfoButton.swift in Sources */ = {isa = PBXBuildFile; fileRef = 953E2E7B2954FB3800BC886F /* InfoButton.swift */; };
		956B97E22954E58500164EB5 /* TextToCallUplinkApp.swift in Sources */ = {isa = PBXBuildFile; fileRef = 956B97E12954E58500164EB5 /* TextToCallUplinkApp.swift */; };
		956B97E42954E58500164EB5 /* ContentView.swift in Sources */ = {isa = PBXBuildFile; fileRef = 956B97E32954E58500164EB5 /* ContentView.swift */; };
		956B97E62954E58500164EB5 /* Assets.xcassets in Resources */ = {isa = PBXBuildFile; fileRef = 956B97E52954E58500164EB5 /* Assets.xcassets */; };
		956B97E92954E58500164EB5 /* Preview Assets.xcassets in Resources */ = {isa = PBXBuildFile; fileRef = 956B97E82954E58500164EB5 /* Preview Assets.xcassets */; };
		956B97F22954EADF00164EB5 /* LanguagePicker.swift in Sources */ = {isa = PBXBuildFile; fileRef = 956B97F12954EADF00164EB5 /* LanguagePicker.swift */; };
/* End PBXBuildFile section */

/* Begin PBXFileReference section */
		953E2E722954F13E00BC886F /* ViewModel.swift */ = {isa = PBXFileReference; lastKnownFileType = sourcecode.swift; path = ViewModel.swift; sourceTree = "<group>"; };
		953E2E752954F35900BC886F /* RoundedBlueButton.swift */ = {isa = PBXFileReference; lastKnownFileType = sourcecode.swift; path = RoundedBlueButton.swift; sourceTree = "<group>"; };
		953E2E772954F40600BC886F /* RoundedBlueTextField.swift */ = {isa = PBXFileReference; lastKnownFileType = sourcecode.swift; path = RoundedBlueTextField.swift; sourceTree = "<group>"; };
		953E2E792954F47F00BC886F /* TitleText.swift */ = {isa = PBXFileReference; lastKnownFileType = sourcecode.swift; path = TitleText.swift; sourceTree = "<group>"; };
		953E2E7B2954FB3800BC886F /* InfoButton.swift */ = {isa = PBXFileReference; lastKnownFileType = sourcecode.swift; path = InfoButton.swift; sourceTree = "<group>"; };
		956B97DE2954E58500164EB5 /* TextToCallUplink.app */ = {isa = PBXFileReference; explicitFileType = wrapper.application; includeInIndex = 0; path = TextToCallUplink.app; sourceTree = BUILT_PRODUCTS_DIR; };
		956B97E12954E58500164EB5 /* TextToCallUplinkApp.swift */ = {isa = PBXFileReference; lastKnownFileType = sourcecode.swift; path = TextToCallUplinkApp.swift; sourceTree = "<group>"; };
		956B97E32954E58500164EB5 /* ContentView.swift */ = {isa = PBXFileReference; lastKnownFileType = sourcecode.swift; path = ContentView.swift; sourceTree = "<group>"; };
		956B97E52954E58500164EB5 /* Assets.xcassets */ = {isa = PBXFileReference; lastKnownFileType = folder.assetcatalog; path = Assets.xcassets; sourceTree = "<group>"; };
		956B97E82954E58500164EB5 /* Preview Assets.xcassets */ = {isa = PBXFileReference; lastKnownFileType = folder.assetcatalog; path = "Preview Assets.xcassets"; sourceTree = "<group>"; };
		956B97F12954EADF00164EB5 /* LanguagePicker.swift */ = {isa = PBXFileReference; lastKnownFileType = sourcecode.swift; path = LanguagePicker.swift; sourceTree = "<group>"; };
/* End PBXFileReference section */

/* Begin PBXFrameworksBuildPhase section */
		956B97DB2954E58500164EB5 /* Frameworks */ = {
			isa = PBXFrameworksBuildPhase;
			buildActionMask = 2147483647;
			files = (
			);
			runOnlyForDeploymentPostprocessing = 0;
		};
/* End PBXFrameworksBuildPhase section */

/* Begin PBXGroup section */
		953E2E742954F32600BC886F /* Components */ = {
			isa = PBXGroup;
			children = (
				956B97F12954EADF00164EB5 /* LanguagePicker.swift */,
				953E2E752954F35900BC886F /* RoundedBlueButton.swift */,
				953E2E772954F40600BC886F /* RoundedBlueTextField.swift */,
				953E2E792954F47F00BC886F /* TitleText.swift */,
				953E2E7B2954FB3800BC886F /* InfoButton.swift */,
			);
			path = Components;
			sourceTree = "<group>";
		};
		956B97D52954E58500164EB5 = {
			isa = PBXGroup;
			children = (
				956B97E02954E58500164EB5 /* TextToCallUplink */,
				956B97DF2954E58500164EB5 /* Products */,
			);
			sourceTree = "<group>";
		};
		956B97DF2954E58500164EB5 /* Products */ = {
			isa = PBXGroup;
			children = (
				956B97DE2954E58500164EB5 /* TextToCallUplink.app */,
			);
			name = Products;
			sourceTree = "<group>";
		};
		956B97E02954E58500164EB5 /* TextToCallUplink */ = {
			isa = PBXGroup;
			children = (
				956B97E12954E58500164EB5 /* TextToCallUplinkApp.swift */,
				956B97E32954E58500164EB5 /* ContentView.swift */,
				953E2E742954F32600BC886F /* Components */,
				953E2E722954F13E00BC886F /* ViewModel.swift */,
				956B97E52954E58500164EB5 /* Assets.xcassets */,
				956B97E72954E58500164EB5 /* Preview Content */,
			);
			path = TextToCallUplink;
			sourceTree = "<group>";
		};
		956B97E72954E58500164EB5 /* Preview Content */ = {
			isa = PBXGroup;
			children = (
				956B97E82954E58500164EB5 /* Preview Assets.xcassets */,
			);
			path = "Preview Content";
			sourceTree = "<group>";
		};
/* End PBXGroup section */

/* Begin PBXNativeTarget section */
		956B97DD2954E58500164EB5 /* TextToCallUplink */ = {
			isa = PBXNativeTarget;
			buildConfigurationList = 956B97EC2954E58500164EB5 /* Build configuration list for PBXNativeTarget "TextToCallUplink" */;
			buildPhases = (
				956B97DA2954E58500164EB5 /* Sources */,
				956B97DB2954E58500164EB5 /* Frameworks */,
				956B97DC2954E58500164EB5 /* Resources */,
			);
			buildRules = (
			);
			dependencies = (
			);
			name = TextToCallUplink;
			productName = TextToCallUplink;
			productReference = 956B97DE2954E58500164EB5 /* TextToCallUplink.app */;
			productType = "com.apple.product-type.application";
		};
/* End PBXNativeTarget section */

/* Begin PBXProject section */
		956B97D62954E58500164EB5 /* Project object */ = {
			isa = PBXProject;
			attributes = {
				BuildIndependentTargetsInParallel = 1;
				LastSwiftUpdateCheck = 1420;
				LastUpgradeCheck = 1420;
				TargetAttributes = {
					956B97DD2954E58500164EB5 = {
						CreatedOnToolsVersion = 14.2;
					};
				};
			};
			buildConfigurationList = 956B97D92954E58500164EB5 /* Build configuration list for PBXProject "TextToCallUplink" */;
			compatibilityVersion = "Xcode 14.0";
			developmentRegion = en;
			hasScannedForEncodings = 0;
			knownRegions = (
				en,
				Base,
			);
			mainGroup = 956B97D52954E58500164EB5;
			productRefGroup = 956B97DF2954E58500164EB5 /* Products */;
			projectDirPath = "";
			projectRoot = "";
			targets = (
				956B97DD2954E58500164EB5 /* TextToCallUplink */,
			);
		};
/* End PBXProject section */

/* Begin PBXResourcesBuildPhase section */
		956B97DC2954E58500164EB5 /* Resources */ = {
			isa = PBXResourcesBuildPhase;
			buildActionMask = 2147483647;
			files = (
				956B97E92954E58500164EB5 /* Preview Assets.xcassets in Resources */,
				956B97E62954E58500164EB5 /* Assets.xcassets in Resources */,
			);
			runOnlyForDeploymentPostprocessing = 0;
		};
/* End PBXResourcesBuildPhase section */

/* Begin PBXSourcesBuildPhase section */
		956B97DA2954E58500164EB5 /* Sources */ = {
			isa = PBXSourcesBuildPhase;
			buildActionMask = 2147483647;
			files = (
				953E2E732954F13E00BC886F /* ViewModel.swift in Sources */,
				953E2E7A2954F47F00BC886F /* TitleText.swift in Sources */,
				956B97F22954EADF00164EB5 /* LanguagePicker.swift in Sources */,
				953E2E7C2954FB3800BC886F /* InfoButton.swift in Sources */,
				953E2E762954F35900BC886F /* RoundedBlueButton.swift in Sources */,
				953E2E782954F40600BC886F /* RoundedBlueTextField.swift in Sources */,
				956B97E42954E58500164EB5 /* ContentView.swift in Sources */,
				956B97E22954E58500164EB5 /* TextToCallUplinkApp.swift in Sources */,
			);
			runOnlyForDeploymentPostprocessing = 0;
		};
/* End PBXSourcesBuildPhase section */

/* Begin XCBuildConfiguration section */
		956B97EA2954E58500164EB5 /* Debug */ = {
			isa = XCBuildConfiguration;
			buildSettings = {
				ALWAYS_SEARCH_USER_PATHS = NO;
				CLANG_ANALYZER_NONNULL = YES;
				CLANG_ANALYZER_NUMBER_OBJECT_CONVERSION = YES_AGGRESSIVE;
				CLANG_CXX_LANGUAGE_STANDARD = "gnu++20";
				CLANG_ENABLE_MODULES = YES;
				CLANG_ENABLE_OBJC_ARC = YES;
				CLANG_ENABLE_OBJC_WEAK = YES;
				CLANG_WARN_BLOCK_CAPTURE_AUTORELEASING = YES;
				CLANG_WARN_BOOL_CONVERSION = YES;
				CLANG_WARN_COMMA = YES;
				CLANG_WARN_CONSTANT_CONVERSION = YES;
				CLANG_WARN_DEPRECATED_OBJC_IMPLEMENTATIONS = YES;
				CLANG_WARN_DIRECT_OBJC_ISA_USAGE = YES_ERROR;
				CLANG_WARN_DOCUMENTATION_COMMENTS = YES;
				CLANG_WARN_EMPTY_BODY = YES;
				CLANG_WARN_ENUM_CONVERSION = YES;
				CLANG_WARN_INFINITE_RECURSION = YES;
				CLANG_WARN_INT_CONVERSION = YES;
				CLANG_WARN_NON_LITERAL_NULL_CONVERSION = YES;
				CLANG_WARN_OBJC_IMPLICIT_RETAIN_SELF = YES;
				CLANG_WARN_OBJC_LITERAL_CONVERSION = YES;
				CLANG_WARN_OBJC_ROOT_CLASS = YES_ERROR;
				CLANG_WARN_QUOTED_INCLUDE_IN_FRAMEWORK_HEADER = YES;
				CLANG_WARN_RANGE_LOOP_ANALYSIS = YES;
				CLANG_WARN_STRICT_PROTOTYPES = YES;
				CLANG_WARN_SUSPICIOUS_MOVE = YES;
				CLANG_WARN_UNGUARDED_AVAILABILITY = YES_AGGRESSIVE;
				CLANG_WARN_UNREACHABLE_CODE = YES;
				CLANG_WARN__DUPLICATE_METHOD_MATCH = YES;
				COPY_PHASE_STRIP = NO;
				DEBUG_INFORMATION_FORMAT = dwarf;
				ENABLE_STRICT_OBJC_MSGSEND = YES;
				ENABLE_TESTABILITY = YES;
				GCC_C_LANGUAGE_STANDARD = gnu11;
				GCC_DYNAMIC_NO_PIC = NO;
				GCC_NO_COMMON_BLOCKS = YES;
				GCC_OPTIMIZATION_LEVEL = 0;
				GCC_PREPROCESSOR_DEFINITIONS = (
					"DEBUG=1",
					"$(inherited)",
				);
				GCC_WARN_64_TO_32_BIT_CONVERSION = YES;
				GCC_WARN_ABOUT_RETURN_TYPE = YES_ERROR;
				GCC_WARN_UNDECLARED_SELECTOR = YES;
				GCC_WARN_UNINITIALIZED_AUTOS = YES_AGGRESSIVE;
				GCC_WARN_UNUSED_FUNCTION = YES;
				GCC_WARN_UNUSED_VARIABLE = YES;
				IPHONEOS_DEPLOYMENT_TARGET = 16.2;
				MTL_ENABLE_DEBUG_INFO = INCLUDE_SOURCE;
				MTL_FAST_MATH = YES;
				ONLY_ACTIVE_ARCH = YES;
				SDKROOT = iphoneos;
				SWIFT_ACTIVE_COMPILATION_CONDITIONS = DEBUG;
				SWIFT_OPTIMIZATION_LEVEL = "-Onone";
			};
			name = Debug;
		};
		956B97EB2954E58500164EB5 /* Release */ = {
			isa = XCBuildConfiguration;
			buildSettings = {
				ALWAYS_SEARCH_USER_PATHS = NO;
				CLANG_ANALYZER_NONNULL = YES;
				CLANG_ANALYZER_NUMBER_OBJECT_CONVERSION = YES_AGGRESSIVE;
				CLANG_CXX_LANGUAGE_STANDARD = "gnu++20";
				CLANG_ENABLE_MODULES = YES;
				CLANG_ENABLE_OBJC_ARC = YES;
				CLANG_ENABLE_OBJC_WEAK = YES;
				CLANG_WARN_BLOCK_CAPTURE_AUTORELEASING = YES;
				CLANG_WARN_BOOL_CONVERSION = YES;
				CLANG_WARN_COMMA = YES;
				CLANG_WARN_CONSTANT_CONVERSION = YES;
				CLANG_WARN_DEPRECATED_OBJC_IMPLEMENTATIONS = YES;
				CLANG_WARN_DIRECT_OBJC_ISA_USAGE = YES_ERROR;
				CLANG_WARN_DOCUMENTATION_COMMENTS = YES;
				CLANG_WARN_EMPTY_BODY = YES;
				CLANG_WARN_ENUM_CONVERSION = YES;
				CLANG_WARN_INFINITE_RECURSION = YES;
				CLANG_WARN_INT_CONVERSION = YES;
				CLANG_WARN_NON_LITERAL_NULL_CONVERSION = YES;
				CLANG_WARN_OBJC_IMPLICIT_RETAIN_SELF = YES;
				CLANG_WARN_OBJC_LITERAL_CONVERSION = YES;
				CLANG_WARN_OBJC_ROOT_CLASS = YES_ERROR;
				CLANG_WARN_QUOTED_INCLUDE_IN_FRAMEWORK_HEADER = YES;
				CLANG_WARN_RANGE_LOOP_ANALYSIS = YES;
				CLANG_WARN_STRICT_PROTOTYPES = YES;
				CLANG_WARN_SUSPICIOUS_MOVE = YES;
				CLANG_WARN_UNGUARDED_AVAILABILITY = YES_AGGRESSIVE;
				CLANG_WARN_UNREACHABLE_CODE = YES;
				CLANG_WARN__DUPLICATE_METHOD_MATCH = YES;
				COPY_PHASE_STRIP = NO;
				DEBUG_INFORMATION_FORMAT = "dwarf-with-dsym";
				ENABLE_NS_ASSERTIONS = NO;
				ENABLE_STRICT_OBJC_MSGSEND = YES;
				GCC_C_LANGUAGE_STANDARD = gnu11;
				GCC_NO_COMMON_BLOCKS = YES;
				GCC_WARN_64_TO_32_BIT_CONVERSION = YES;
				GCC_WARN_ABOUT_RETURN_TYPE = YES_ERROR;
				GCC_WARN_UNDECLARED_SELECTOR = YES;
				GCC_WARN_UNINITIALIZED_AUTOS = YES_AGGRESSIVE;
				GCC_WARN_UNUSED_FUNCTION = YES;
				GCC_WARN_UNUSED_VARIABLE = YES;
				IPHONEOS_DEPLOYMENT_TARGET = 16.2;
				MTL_ENABLE_DEBUG_INFO = NO;
				MTL_FAST_MATH = YES;
				SDKROOT = iphoneos;
				SWIFT_COMPILATION_MODE = wholemodule;
				SWIFT_OPTIMIZATION_LEVEL = "-O";
				VALIDATE_PRODUCT = YES;
			};
			name = Release;
		};
		956B97ED2954E58500164EB5 /* Debug */ = {
			isa = XCBuildConfiguration;
			buildSettings = {
				ASSETCATALOG_COMPILER_APPICON_NAME = AppIcon;
				ASSETCATALOG_COMPILER_GLOBAL_ACCENT_COLOR_NAME = AccentColor;
				CODE_SIGN_STYLE = Automatic;
				CURRENT_PROJECT_VERSION = 1;
				DEVELOPMENT_ASSET_PATHS = "\"TextToCallUplink/Preview Content\"";
				DEVELOPMENT_TEAM = 6777AF757P;
				ENABLE_PREVIEWS = YES;
				GENERATE_INFOPLIST_FILE = YES;
				INFOPLIST_KEY_UIApplicationSceneManifest_Generation = YES;
				INFOPLIST_KEY_UIApplicationSupportsIndirectInputEvents = YES;
				INFOPLIST_KEY_UILaunchScreen_Generation = YES;
				INFOPLIST_KEY_UISupportedInterfaceOrientations_iPad = "UIInterfaceOrientationPortrait UIInterfaceOrientationPortraitUpsideDown UIInterfaceOrientationLandscapeLeft UIInterfaceOrientationLandscapeRight";
				INFOPLIST_KEY_UISupportedInterfaceOrientations_iPhone = "UIInterfaceOrientationPortrait UIInterfaceOrientationLandscapeLeft UIInterfaceOrientationLandscapeRight";
				LD_RUNPATH_SEARCH_PATHS = (
					"$(inherited)",
					"@executable_path/Frameworks",
				);
				MARKETING_VERSION = 1.0;
				PRODUCT_BUNDLE_IDENTIFIER = com.nikolayukolov.TextToCallUplink;
				PRODUCT_NAME = "$(TARGET_NAME)";
				SWIFT_EMIT_LOC_STRINGS = YES;
				SWIFT_VERSION = 5.0;
				TARGETED_DEVICE_FAMILY = "1,2";
			};
			name = Debug;
		};
		956B97EE2954E58500164EB5 /* Release */ = {
			isa = XCBuildConfiguration;
			buildSettings = {
				ASSETCATALOG_COMPILER_APPICON_NAME = AppIcon;
				ASSETCATALOG_COMPILER_GLOBAL_ACCENT_COLOR_NAME = AccentColor;
				CODE_SIGN_STYLE = Automatic;
				CURRENT_PROJECT_VERSION = 1;
				DEVELOPMENT_ASSET_PATHS = "\"TextToCallUplink/Preview Content\"";
				DEVELOPMENT_TEAM = 6777AF757P;
				ENABLE_PREVIEWS = YES;
				GENERATE_INFOPLIST_FILE = YES;
				INFOPLIST_KEY_UIApplicationSceneManifest_Generation = YES;
				INFOPLIST_KEY_UIApplicationSupportsIndirectInputEvents = YES;
				INFOPLIST_KEY_UILaunchScreen_Generation = YES;
				INFOPLIST_KEY_UISupportedInterfaceOrientations_iPad = "UIInterfaceOrientationPortrait UIInterfaceOrientationPortraitUpsideDown UIInterfaceOrientationLandscapeLeft UIInterfaceOrientationLandscapeRight";
				INFOPLIST_KEY_UISupportedInterfaceOrientations_iPhone = "UIInterfaceOrientationPortrait UIInterfaceOrientationLandscapeLeft UIInterfaceOrientationLandscapeRight";
				LD_RUNPATH_SEARCH_PATHS = (
					"$(inherited)",
					"@executable_path/Frameworks",
				);
				MARKETING_VERSION = 1.0;
				PRODUCT_BUNDLE_IDENTIFIER = com.nikolayukolov.TextToCallUplink;
				PRODUCT_NAME = "$(TARGET_NAME)";
				SWIFT_EMIT_LOC_STRINGS = YES;
				SWIFT_VERSION = 5.0;
				TARGETED_DEVICE_FAMILY = "1,2";
			};
			name = Release;
		};
/* End XCBuildConfiguration section */

/* Begin XCConfigurationList section */
		956B97D92954E58500164EB5 /* Build configuration list for PBXProject "TextToCallUplink" */ = {
			isa = XCConfigurationList;
			buildConfigurations = (
				956B97EA2954E58500164EB5 /* Debug */,
				956B97EB2954E58500164EB5 /* Release */,
			);
			defaultConfigurationIsVisible = 0;
			defaultConfigurationName = Release;
		};
		956B97EC2954E58500164EB5 /* Build configuration list for PBXNativeTarget "TextToCallUplink" */ = {
			isa = XCConfigurationList;
			buildConfigurations = (
				956B97ED2954E58500164EB5 /* Debug */,
				956B97EE2954E58500164EB5 /* Release */,
			);
			defaultConfigurationIsVisible = 0;
			defaultConfigurationName = Release;
		};
/* End XCConfigurationList section */
	};
	rootObject = 956B97D62954E58500164EB5 /* Project object */;
}
